
Microsoft Visual Studio Solution File, Format Version 12.00
# Visual Studio Version 17
VisualStudioVersion = 17.3.32929.385
MinimumVisualStudioVersion = 10.0.40219.1
Project("{FAE04EC0-301F-11D3-BF4B-00C04F79EFBC}") = "AcftLoader", "AcftLoader.csproj", "{4F57F312-289F-42BF-ACDB-38E6E348B1F7}"
EndProject
Global
	GlobalSection(SolutionConfigurationPlatforms) = preSolution
		Debug|Any CPU = Debug|Any CPU
		Release|Any CPU = Release|Any CPU
	EndGlobalSection
	GlobalSection(ProjectConfigurationPlatforms) = postSolution
		{4F57F312-289F-42BF-ACDB-38E6E348B1F7}.Debug|Any CPU.ActiveCfg = Debug|Any CPU
		{4F57F312-289F-42BF-ACDB-38E6E348B1F7}.Debug|Any CPU.Build.0 = Debug|Any CPU
		{4F57F312-289F-42BF-ACDB-38E6E348B1F7}.Release|Any CPU.ActiveCfg = Release|Any CPU
		{4F57F312-289F-42BF-ACDB-38E6E348B1F7}.Release|Any CPU.Build.0 = Release|Any CPU
	EndGlobalSection
	GlobalSection(SolutionProperties) = preSolution
		HideSolutionNode = FALSE
	EndGlobalSection
	GlobalSection(ExtensibilityGlobals) = postSolution
		SolutionGuid = {375F4B43-4017-42D2-8E91-FA9D1886C128}
	EndGlobalSection
EndGlobal
